Microsoft Visual Studio Solution File, Format Version 11.00
# Visual Studio 2008

Project("{2D2B22E4-0D83-9F42-ADB0-9BBF0306E76C}") = "RagdollBattle", "Assembly-CSharp.csproj", "{559D034F-930A-E531-2DC1-979CAB1DF49E}"
EndProject
Global
	GlobalSection(SolutionConfigurationPlatforms) = preSolution
		Debug|Any CPU = Debug|Any CPU
		Release|Any CPU = Release|Any CPU
	EndGlobalSection
	GlobalSection(ProjectConfigurationPlatforms) = postSolution
		{559D034F-930A-E531-2DC1-979CAB1DF49E}.Debug|Any CPU.ActiveCfg = Debug|Any CPU
		{559D034F-930A-E531-2DC1-979CAB1DF49E}.Debug|Any CPU.Build.0 = Debug|Any CPU
		{559D034F-930A-E531-2DC1-979CAB1DF49E}.Release|Any CPU.ActiveCfg = Release|Any CPU
		{559D034F-930A-E531-2DC1-979CAB1DF49E}.Release|Any CPU.Build.0 = Release|Any CPU
	EndGlobalSection
	GlobalSection(SolutionProperties) = preSolution
		HideSolutionNode = FALSE
	EndGlobalSection
	GlobalSection(MonoDevelopProperties) = preSolution
		StartupItem = Assembly-CSharp.csproj
	EndGlobalSection
EndGlobal
